Microsoft Visual Studio Solution File, Format Version 12.00
# Visual Studio 2012
Project("{FAE04EC0-301F-11D3-BF4B-00C04F79EFBC}") = "Factorization g3", "Factorization g3.csproj", "{1FB03C0E-0707-4D93-9F07-F05B10F852F4}"
EndProject
Global
	GlobalSection(SolutionConfigurationPlatforms) = preSolution
	Debug|Any CPU = Debug|Any CPU
	ExportDebug|Any CPU = ExportDebug|Any CPU
	ExportRelease|Any CPU = ExportRelease|Any CPU
	EndGlobalSection
	GlobalSection(ProjectConfigurationPlatforms) = postSolution
		{1FB03C0E-0707-4D93-9F07-F05B10F852F4}.Debug|Any CPU.ActiveCfg = Debug|Any CPU
		{1FB03C0E-0707-4D93-9F07-F05B10F852F4}.Debug|Any CPU.Build.0 = Debug|Any CPU
		{1FB03C0E-0707-4D93-9F07-F05B10F852F4}.ExportDebug|Any CPU.ActiveCfg = ExportDebug|Any CPU
		{1FB03C0E-0707-4D93-9F07-F05B10F852F4}.ExportDebug|Any CPU.Build.0 = ExportDebug|Any CPU
		{1FB03C0E-0707-4D93-9F07-F05B10F852F4}.ExportRelease|Any CPU.ActiveCfg = ExportRelease|Any CPU
		{1FB03C0E-0707-4D93-9F07-F05B10F852F4}.ExportRelease|Any CPU.Build.0 = ExportRelease|Any CPU
	EndGlobalSection
EndGlobal
